// !$*UTF8*$!
{
	archiveVersion = 1;
	classes = {
	};
	objectVersion = 60;
	objects = {

/* Begin PBXBuildFile section */
		7259832A2AF7D1820086FAA3 /* MoviesApp.swift in Sources */ = {isa = PBXBuildFile; fileRef = 725983292AF7D1820086FAA3 /* MoviesApp.swift */; };
		7259832C2AF7D1820086FAA3 /* MovieListView.swift in Sources */ = {isa = PBXBuildFile; fileRef = 7259832B2AF7D1820086FAA3 /* MovieListView.swift */; };
		7259832E2AF7D1830086FAA3 /* Assets.xcassets in Resources */ = {isa = PBXBuildFile; fileRef = 7259832D2AF7D1830086FAA3 /* Assets.xcassets */; };
		725983312AF7D1830086FAA3 /* Preview Assets.xcassets in Resources */ = {isa = PBXBuildFile; fileRef = 725983302AF7D1830086FAA3 /* Preview Assets.xcassets */; };
		725983412AF7DD220086FAA3 /* Constants.swift in Sources */ = {isa = PBXBuildFile; fileRef = 725983402AF7DD220086FAA3 /* Constants.swift */; };
		725983432AF7DDDB0086FAA3 /* ImageLoader.swift in Sources */ = {isa = PBXBuildFile; fileRef = 725983422AF7DDDB0086FAA3 /* ImageLoader.swift */; };
		725983452AF7DE6E0086FAA3 /* AddMovieView.swift in Sources */ = {isa = PBXBuildFile; fileRef = 725983442AF7DE6E0086FAA3 /* AddMovieView.swift */; };
		725983472AF7DEB30086FAA3 /* View+Extensions.swift in Sources */ = {isa = PBXBuildFile; fileRef = 725983462AF7DEB30086FAA3 /* View+Extensions.swift */; };
		725983492AF7DF300086FAA3 /* MovieList.swift in Sources */ = {isa = PBXBuildFile; fileRef = 725983482AF7DF300086FAA3 /* MovieList.swift */; };
		7259834B2AF7DF3F0086FAA3 /* NoResult.swift in Sources */ = {isa = PBXBuildFile; fileRef = 7259834A2AF7DF3F0086FAA3 /* NoResult.swift */; };
		7259834D2AF7DF4D0086FAA3 /* URLImage.swift in Sources */ = {isa = PBXBuildFile; fileRef = 7259834C2AF7DF4D0086FAA3 /* URLImage.swift */; };
		7259834F2AF7DFD10086FAA3 /* String+Extensions.swift in Sources */ = {isa = PBXBuildFile; fileRef = 7259834E2AF7DFD10086FAA3 /* String+Extensions.swift */; };
		725983522AF7E02F0086FAA3 /* Apollo in Frameworks */ = {isa = PBXBuildFile; productRef = 725983512AF7E02F0086FAA3 /* Apollo */; };
		725983542AF7E02F0086FAA3 /* ApolloAPI in Frameworks */ = {isa = PBXBuildFile; productRef = 725983532AF7E02F0086FAA3 /* ApolloAPI */; };
		725983562AF7E02F0086FAA3 /* ApolloSQLite in Frameworks */ = {isa = PBXBuildFile; productRef = 725983552AF7E02F0086FAA3 /* ApolloSQLite */; };
		725983582AF7E02F0086FAA3 /* ApolloTestSupport in Frameworks */ = {isa = PBXBuildFile; productRef = 725983572AF7E02F0086FAA3 /* ApolloTestSupport */; };
		7259835A2AF7E02F0086FAA3 /* ApolloWebSocket in Frameworks */ = {isa = PBXBuildFile; productRef = 725983592AF7E02F0086FAA3 /* ApolloWebSocket */; };
		725983612AF7E9D40086FAA3 /* MoviesAPI in Frameworks */ = {isa = PBXBuildFile; productRef = 725983602AF7E9D40086FAA3 /* MoviesAPI */; };
/* End PBXBuildFile section */

/* Begin PBXFileReference section */
		725983262AF7D1820086FAA3 /* Movies.app */ = {isa = PBXFileReference; explicitFileType = wrapper.application; includeInIndex = 0; path = Movies.app; sourceTree = BUILT_PRODUCTS_DIR; };
		725983292AF7D1820086FAA3 /* MoviesApp.swift */ = {isa = PBXFileReference; lastKnownFileType = sourcecode.swift; path = MoviesApp.swift; sourceTree = "<group>"; };
		7259832B2AF7D1820086FAA3 /* MovieListView.swift */ = {isa = PBXFileReference; lastKnownFileType = sourcecode.swift; path = MovieListView.swift; sourceTree = "<group>"; };
		7259832D2AF7D1830086FAA3 /* Assets.xcassets */ = {isa = PBXFileReference; lastKnownFileType = folder.assetcatalog; path = Assets.xcassets; sourceTree = "<group>"; };
		725983302AF7D1830086FAA3 /* Preview Assets.xcassets */ = {isa = PBXFileReference; lastKnownFileType = folder.assetcatalog; path = "Preview Assets.xcassets"; sourceTree = "<group>"; };
		725983402AF7DD220086FAA3 /* Constants.swift */ = {isa = PBXFileReference; lastKnownFileType = sourcecode.swift; path = Constants.swift; sourceTree = "<group>"; };
		725983422AF7DDDB0086FAA3 /* ImageLoader.swift */ = {isa = PBXFileReference; lastKnownFileType = sourcecode.swift; path = ImageLoader.swift; sourceTree = "<group>"; };
		725983442AF7DE6E0086FAA3 /* AddMovieView.swift */ = {isa = PBXFileReference; lastKnownFileType = sourcecode.swift; path = AddMovieView.swift; sourceTree = "<group>"; };
		725983462AF7DEB30086FAA3 /* View+Extensions.swift */ = {isa = PBXFileReference; lastKnownFileType = sourcecode.swift; path = "View+Extensions.swift"; sourceTree = "<group>"; };
		725983482AF7DF300086FAA3 /* MovieList.swift */ = {isa = PBXFileReference; lastKnownFileType = sourcecode.swift; path = MovieList.swift; sourceTree = "<group>"; };
		7259834A2AF7DF3F0086FAA3 /* NoResult.swift */ = {isa = PBXFileReference; lastKnownFileType = sourcecode.swift; path = NoResult.swift; sourceTree = "<group>"; };
		7259834C2AF7DF4D0086FAA3 /* URLImage.swift */ = {isa = PBXFileReference; lastKnownFileType = sourcecode.swift; path = URLImage.swift; sourceTree = "<group>"; };
		7259834E2AF7DFD10086FAA3 /* String+Extensions.swift */ = {isa = PBXFileReference; lastKnownFileType = sourcecode.swift; path = "String+Extensions.swift"; sourceTree = "<group>"; };
		7259835E2AF7E9AB0086FAA3 /* schema.graphqls */ = {isa = PBXFileReference; lastKnownFileType = text; path = schema.graphqls; sourceTree = "<group>"; };
		725983622AF7F9100086FAA3 /* GetAllMovies.graphql */ = {isa = PBXFileReference; lastKnownFileType = text; path = GetAllMovies.graphql; sourceTree = "<group>"; };
/* End PBXFileReference section */

/* Begin PBXFrameworksBuildPhase section */
		725983232AF7D1820086FAA3 /* Frameworks */ = {
			isa = PBXFrameworksBuildPhase;
			buildActionMask = 2147483647;
			files = (
				725983612AF7E9D40086FAA3 /* MoviesAPI in Frameworks */,
				725983542AF7E02F0086FAA3 /* ApolloAPI in Frameworks */,
				725983582AF7E02F0086FAA3 /* ApolloTestSupport in Frameworks */,
				7259835A2AF7E02F0086FAA3 /* ApolloWebSocket in Frameworks */,
				725983522AF7E02F0086FAA3 /* Apollo in Frameworks */,
				725983562AF7E02F0086FAA3 /* ApolloSQLite in Frameworks */,
			);
			runOnlyForDeploymentPostprocessing = 0;
		};
/* End PBXFrameworksBuildPhase section */

/* Begin PBXGroup section */
		7259831D2AF7D1820086FAA3 = {
			isa = PBXGroup;
			children = (
				7259835B2AF7E6A10086FAA3 /* GraphQL */,
				725983282AF7D1820086FAA3 /* Movies */,
				725983272AF7D1820086FAA3 /* Products */,
			);
			sourceTree = "<group>";
		};
		725983272AF7D1820086FAA3 /* Products */ = {
			isa = PBXGroup;
			children = (
				725983262AF7D1820086FAA3 /* Movies.app */,
			);
			name = Products;
			sourceTree = "<group>";
		};
		725983282AF7D1820086FAA3 /* Movies */ = {
			isa = PBXGroup;
			children = (
				725983372AF7D3340086FAA3 /* App */,
				7259832D2AF7D1830086FAA3 /* Assets.xcassets */,
				7259833C2AF7D4200086FAA3 /* Extensions */,
				7259833A2AF7D3530086FAA3 /* Models */,
				7259832F2AF7D1830086FAA3 /* Preview Content */,
				7259833B2AF7D4180086FAA3 /* Services */,
				7259833D2AF7D4330086FAA3 /* Utils */,
				725983392AF7D34C0086FAA3 /* ViewModels */,
				725983382AF7D33F0086FAA3 /* Views */,
			);
			path = Movies;
			sourceTree = "<group>";
		};
		7259832F2AF7D1830086FAA3 /* Preview Content */ = {
			isa = PBXGroup;
			children = (
				725983302AF7D1830086FAA3 /* Preview Assets.xcassets */,
			);
			path = "Preview Content";
			sourceTree = "<group>";
		};
		725983372AF7D3340086FAA3 /* App */ = {
			isa = PBXGroup;
			children = (
				725983292AF7D1820086FAA3 /* MoviesApp.swift */,
			);
			path = App;
			sourceTree = "<group>";
		};
		725983382AF7D33F0086FAA3 /* Views */ = {
			isa = PBXGroup;
			children = (
				7259833E2AF7D44A0086FAA3 /* Components */,
				725983442AF7DE6E0086FAA3 /* AddMovieView.swift */,
				7259832B2AF7D1820086FAA3 /* MovieListView.swift */,
			);
			path = Views;
			sourceTree = "<group>";
		};
		725983392AF7D34C0086FAA3 /* ViewModels */ = {
			isa = PBXGroup;
			children = (
			);
			path = ViewModels;
			sourceTree = "<group>";
		};
		7259833A2AF7D3530086FAA3 /* Models */ = {
			isa = PBXGroup;
			children = (
			);
			path = Models;
			sourceTree = "<group>";
		};
		7259833B2AF7D4180086FAA3 /* Services */ = {
			isa = PBXGroup;
			children = (
				7259833F2AF7D4550086FAA3 /* Loaders */,
			);
			path = Services;
			sourceTree = "<group>";
		};
		7259833C2AF7D4200086FAA3 /* Extensions */ = {
			isa = PBXGroup;
			children = (
				725983462AF7DEB30086FAA3 /* View+Extensions.swift */,
				7259834E2AF7DFD10086FAA3 /* String+Extensions.swift */,
			);
			path = Extensions;
			sourceTree = "<group>";
		};
		7259833D2AF7D4330086FAA3 /* Utils */ = {
			isa = PBXGroup;
			children = (
				725983402AF7DD220086FAA3 /* Constants.swift */,
			);
			path = Utils;
			sourceTree = "<group>";
		};
		7259833E2AF7D44A0086FAA3 /* Components */ = {
			isa = PBXGroup;
			children = (
				725983482AF7DF300086FAA3 /* MovieList.swift */,
				7259834A2AF7DF3F0086FAA3 /* NoResult.swift */,
				7259834C2AF7DF4D0086FAA3 /* URLImage.swift */,
			);
			path = Components;
			sourceTree = "<group>";
		};
		7259833F2AF7D4550086FAA3 /* Loaders */ = {
			isa = PBXGroup;
			children = (
				725983422AF7DDDB0086FAA3 /* ImageLoader.swift */,
			);
			path = Loaders;
			sourceTree = "<group>";
		};
		7259835B2AF7E6A10086FAA3 /* GraphQL */ = {
			isa = PBXGroup;
			children = (
				7259835E2AF7E9AB0086FAA3 /* schema.graphqls */,
				725983622AF7F9100086FAA3 /* GetAllMovies.graphql */,
			);
			path = GraphQL;
			sourceTree = "<group>";
		};
/* End PBXGroup section */

/* Begin PBXNativeTarget section */
		725983252AF7D1820086FAA3 /* Movies */ = {
			isa = PBXNativeTarget;
			buildConfigurationList = 725983342AF7D1830086FAA3 /* Build configuration list for PBXNativeTarget "Movies" */;
			buildPhases = (
				725983222AF7D1820086FAA3 /* Sources */,
				725983232AF7D1820086FAA3 /* Frameworks */,
				725983242AF7D1820086FAA3 /* Resources */,
			);
			buildRules = (
			);
			dependencies = (
			);
			name = Movies;
			packageProductDependencies = (
				725983512AF7E02F0086FAA3 /* Apollo */,
				725983532AF7E02F0086FAA3 /* ApolloAPI */,
				725983552AF7E02F0086FAA3 /* ApolloSQLite */,
				725983572AF7E02F0086FAA3 /* ApolloTestSupport */,
				725983592AF7E02F0086FAA3 /* ApolloWebSocket */,
				725983602AF7E9D40086FAA3 /* MoviesAPI */,
			);
			productName = Movies;
			productReference = 725983262AF7D1820086FAA3 /* Movies.app */;
			productType = "com.apple.product-type.application";
		};
/* End PBXNativeTarget section */

/* Begin PBXProject section */
		7259831E2AF7D1820086FAA3 /* Project object */ = {
			isa = PBXProject;
			attributes = {
				BuildIndependentTargetsInParallel = 1;
				LastSwiftUpdateCheck = 1500;
				LastUpgradeCheck = 1500;
				TargetAttributes = {
					725983252AF7D1820086FAA3 = {
						CreatedOnToolsVersion = 15.0;
					};
				};
			};
			buildConfigurationList = 725983212AF7D1820086FAA3 /* Build configuration list for PBXProject "Movies" */;
			compatibilityVersion = "Xcode 14.0";
			developmentRegion = en;
			hasScannedForEncodings = 0;
			knownRegions = (
				en,
				Base,
			);
			mainGroup = 7259831D2AF7D1820086FAA3;
			packageReferences = (
				725983502AF7E02F0086FAA3 /* XCRemoteSwiftPackageReference "apollo-ios" */,
				7259835F2AF7E9D40086FAA3 /* XCLocalSwiftPackageReference "MoviesAPI" */,
			);
			productRefGroup = 725983272AF7D1820086FAA3 /* Products */;
			projectDirPath = "";
			projectRoot = "";
			targets = (
				725983252AF7D1820086FAA3 /* Movies */,
			);
		};
/* End PBXProject section */

/* Begin PBXResourcesBuildPhase section */
		725983242AF7D1820086FAA3 /* Resources */ = {
			isa = PBXResourcesBuildPhase;
			buildActionMask = 2147483647;
			files = (
				725983312AF7D1830086FAA3 /* Preview Assets.xcassets in Resources */,
				7259832E2AF7D1830086FAA3 /* Assets.xcassets in Resources */,
			);
			runOnlyForDeploymentPostprocessing = 0;
		};
/* End PBXResourcesBuildPhase section */

/* Begin PBXSourcesBuildPhase section */
		725983222AF7D1820086FAA3 /* Sources */ = {
			isa = PBXSourcesBuildPhase;
			buildActionMask = 2147483647;
			files = (
				7259834F2AF7DFD10086FAA3 /* String+Extensions.swift in Sources */,
				7259832C2AF7D1820086FAA3 /* MovieListView.swift in Sources */,
				7259834D2AF7DF4D0086FAA3 /* URLImage.swift in Sources */,
				7259832A2AF7D1820086FAA3 /* MoviesApp.swift in Sources */,
				725983432AF7DDDB0086FAA3 /* ImageLoader.swift in Sources */,
				725983412AF7DD220086FAA3 /* Constants.swift in Sources */,
				725983472AF7DEB30086FAA3 /* View+Extensions.swift in Sources */,
				7259834B2AF7DF3F0086FAA3 /* NoResult.swift in Sources */,
				725983452AF7DE6E0086FAA3 /* AddMovieView.swift in Sources */,
				725983492AF7DF300086FAA3 /* MovieList.swift in Sources */,
			);
			runOnlyForDeploymentPostprocessing = 0;
		};
/* End PBXSourcesBuildPhase section */

/* Begin XCBuildConfiguration section */
		725983322AF7D1830086FAA3 /* Debug */ = {
			isa = XCBuildConfiguration;
			buildSettings = {
				ALWAYS_SEARCH_USER_PATHS = NO;
				ASSETCATALOG_COMPILER_GENERATE_SWIFT_ASSET_SYMBOL_EXTENSIONS = YES;
				CLANG_ANALYZER_NONNULL = YES;
				CLANG_ANALYZER_NUMBER_OBJECT_CONVERSION = YES_AGGRESSIVE;
				CLANG_CXX_LANGUAGE_STANDARD = "gnu++20";
				CLANG_ENABLE_MODULES = YES;
				CLANG_ENABLE_OBJC_ARC = YES;
				CLANG_ENABLE_OBJC_WEAK = YES;
				CLANG_WARN_BLOCK_CAPTURE_AUTORELEASING = YES;
				CLANG_WARN_BOOL_CONVERSION = YES;
				CLANG_WARN_COMMA = YES;
				CLANG_WARN_CONSTANT_CONVERSION = YES;
				CLANG_WARN_DEPRECATED_OBJC_IMPLEMENTATIONS = YES;
				CLANG_WARN_DIRECT_OBJC_ISA_USAGE = YES_ERROR;
				CLANG_WARN_DOCUMENTATION_COMMENTS = YES;
				CLANG_WARN_EMPTY_BODY = YES;
				CLANG_WARN_ENUM_CONVERSION = YES;
				CLANG_WARN_INFINITE_RECURSION = YES;
				CLANG_WARN_INT_CONVERSION = YES;
				CLANG_WARN_NON_LITERAL_NULL_CONVERSION = YES;
				CLANG_WARN_OBJC_IMPLICIT_RETAIN_SELF = YES;
				CLANG_WARN_OBJC_LITERAL_CONVERSION = YES;
				CLANG_WARN_OBJC_ROOT_CLASS = YES_ERROR;
				CLANG_WARN_QUOTED_INCLUDE_IN_FRAMEWORK_HEADER = YES;
				CLANG_WARN_RANGE_LOOP_ANALYSIS = YES;
				CLANG_WARN_STRICT_PROTOTYPES = YES;
				CLANG_WARN_SUSPICIOUS_MOVE = YES;
				CLANG_WARN_UNGUARDED_AVAILABILITY = YES_AGGRESSIVE;
				CLANG_WARN_UNREACHABLE_CODE = YES;
				CLANG_WARN__DUPLICATE_METHOD_MATCH = YES;
				COPY_PHASE_STRIP = NO;
				DEBUG_INFORMATION_FORMAT = dwarf;
				ENABLE_STRICT_OBJC_MSGSEND = YES;
				ENABLE_TESTABILITY = YES;
				ENABLE_USER_SCRIPT_SANDBOXING = YES;
				GCC_C_LANGUAGE_STANDARD = gnu17;
				GCC_DYNAMIC_NO_PIC = NO;
				GCC_NO_COMMON_BLOCKS = YES;
				GCC_OPTIMIZATION_LEVEL = 0;
				GCC_PREPROCESSOR_DEFINITIONS = (
					"DEBUG=1",
					"$(inherited)",
				);
				GCC_WARN_64_TO_32_BIT_CONVERSION = YES;
				GCC_WARN_ABOUT_RETURN_TYPE = YES_ERROR;
				GCC_WARN_UNDECLARED_SELECTOR = YES;
				GCC_WARN_UNINITIALIZED_AUTOS = YES_AGGRESSIVE;
				GCC_WARN_UNUSED_FUNCTION = YES;
				GCC_WARN_UNUSED_VARIABLE = YES;
				IPHONEOS_DEPLOYMENT_TARGET = 17.0;
				LOCALIZATION_PREFERS_STRING_CATALOGS = YES;
				MTL_ENABLE_DEBUG_INFO = INCLUDE_SOURCE;
				MTL_FAST_MATH = YES;
				ONLY_ACTIVE_ARCH = YES;
				SDKROOT = iphoneos;
				SWIFT_ACTIVE_COMPILATION_CONDITIONS = "DEBUG $(inherited)";
				SWIFT_OPTIMIZATION_LEVEL = "-Onone";
			};
			name = Debug;
		};
		725983332AF7D1830086FAA3 /* Release */ = {
			isa = XCBuildConfiguration;
			buildSettings = {
				ALWAYS_SEARCH_USER_PATHS = NO;
				ASSETCATALOG_COMPILER_GENERATE_SWIFT_ASSET_SYMBOL_EXTENSIONS = YES;
				CLANG_ANALYZER_NONNULL = YES;
				CLANG_ANALYZER_NUMBER_OBJECT_CONVERSION = YES_AGGRESSIVE;
				CLANG_CXX_LANGUAGE_STANDARD = "gnu++20";
				CLANG_ENABLE_MODULES = YES;
				CLANG_ENABLE_OBJC_ARC = YES;
				CLANG_ENABLE_OBJC_WEAK = YES;
				CLANG_WARN_BLOCK_CAPTURE_AUTORELEASING = YES;
				CLANG_WARN_BOOL_CONVERSION = YES;
				CLANG_WARN_COMMA = YES;
				CLANG_WARN_CONSTANT_CONVERSION = YES;
				CLANG_WARN_DEPRECATED_OBJC_IMPLEMENTATIONS = YES;
				CLANG_WARN_DIRECT_OBJC_ISA_USAGE = YES_ERROR;
				CLANG_WARN_DOCUMENTATION_COMMENTS = YES;
				CLANG_WARN_EMPTY_BODY = YES;
				CLANG_WARN_ENUM_CONVERSION = YES;
				CLANG_WARN_INFINITE_RECURSION = YES;
				CLANG_WARN_INT_CONVERSION = YES;
				CLANG_WARN_NON_LITERAL_NULL_CONVERSION = YES;
				CLANG_WARN_OBJC_IMPLICIT_RETAIN_SELF = YES;
				CLANG_WARN_OBJC_LITERAL_CONVERSION = YES;
				CLANG_WARN_OBJC_ROOT_CLASS = YES_ERROR;
				CLANG_WARN_QUOTED_INCLUDE_IN_FRAMEWORK_HEADER = YES;
				CLANG_WARN_RANGE_LOOP_ANALYSIS = YES;
				CLANG_WARN_STRICT_PROTOTYPES = YES;
				CLANG_WARN_SUSPICIOUS_MOVE = YES;
				CLANG_WARN_UNGUARDED_AVAILABILITY = YES_AGGRESSIVE;
				CLANG_WARN_UNREACHABLE_CODE = YES;
				CLANG_WARN__DUPLICATE_METHOD_MATCH = YES;
				COPY_PHASE_STRIP = NO;
				DEBUG_INFORMATION_FORMAT = "dwarf-with-dsym";
				ENABLE_NS_ASSERTIONS = NO;
				ENABLE_STRICT_OBJC_MSGSEND = YES;
				ENABLE_USER_SCRIPT_SANDBOXING = YES;
				GCC_C_LANGUAGE_STANDARD = gnu17;
				GCC_NO_COMMON_BLOCKS = YES;
				GCC_WARN_64_TO_32_BIT_CONVERSION = YES;
				GCC_WARN_ABOUT_RETURN_TYPE = YES_ERROR;
				GCC_WARN_UNDECLARED_SELECTOR = YES;
				GCC_WARN_UNINITIALIZED_AUTOS = YES_AGGRESSIVE;
				GCC_WARN_UNUSED_FUNCTION = YES;
				GCC_WARN_UNUSED_VARIABLE = YES;
				IPHONEOS_DEPLOYMENT_TARGET = 17.0;
				LOCALIZATION_PREFERS_STRING_CATALOGS = YES;
				MTL_ENABLE_DEBUG_INFO = NO;
				MTL_FAST_MATH = YES;
				SDKROOT = iphoneos;
				SWIFT_COMPILATION_MODE = wholemodule;
				VALIDATE_PRODUCT = YES;
			};
			name = Release;
		};
		725983352AF7D1830086FAA3 /* Debug */ = {
			isa = XCBuildConfiguration;
			buildSettings = {
				ASSETCATALOG_COMPILER_APPICON_NAME = AppIcon;
				ASSETCATALOG_COMPILER_GLOBAL_ACCENT_COLOR_NAME = AccentColor;
				CODE_SIGN_STYLE = Automatic;
				CURRENT_PROJECT_VERSION = 1;
				DEVELOPMENT_ASSET_PATHS = "\"Movies/Preview Content\"";
				DEVELOPMENT_TEAM = WY9AX8R5R2;
				ENABLE_PREVIEWS = YES;
				GENERATE_INFOPLIST_FILE = YES;
				INFOPLIST_KEY_UIApplicationSceneManifest_Generation = YES;
				INFOPLIST_KEY_UIApplicationSupportsIndirectInputEvents = YES;
				INFOPLIST_KEY_UILaunchScreen_Generation = YES;
				INFOPLIST_KEY_UISupportedInterfaceOrientations_iPad = "UIInterfaceOrientationPortrait UIInterfaceOrientationPortraitUpsideDown UIInterfaceOrientationLandscapeLeft UIInterfaceOrientationLandscapeRight";
				INFOPLIST_KEY_UISupportedInterfaceOrientations_iPhone = "UIInterfaceOrientationPortrait UIInterfaceOrientationLandscapeLeft UIInterfaceOrientationLandscapeRight";
				IPHONEOS_DEPLOYMENT_TARGET = 16.6;
				LD_RUNPATH_SEARCH_PATHS = (
					"$(inherited)",
					"@executable_path/Frameworks",
				);
				MARKETING_VERSION = 1.0;
				PRODUCT_BUNDLE_IDENTIFIER = com.denisefremov.Movies;
				PRODUCT_NAME = "$(TARGET_NAME)";
				SWIFT_EMIT_LOC_STRINGS = YES;
				SWIFT_VERSION = 5.0;
				TARGETED_DEVICE_FAMILY = "1,2";
			};
			name = Debug;
		};
		725983362AF7D1830086FAA3 /* Release */ = {
			isa = XCBuildConfiguration;
			buildSettings = {
				ASSETCATALOG_COMPILER_APPICON_NAME = AppIcon;
				ASSETCATALOG_COMPILER_GLOBAL_ACCENT_COLOR_NAME = AccentColor;
				CODE_SIGN_STYLE = Automatic;
				CURRENT_PROJECT_VERSION = 1;
				DEVELOPMENT_ASSET_PATHS = "\"Movies/Preview Content\"";
				DEVELOPMENT_TEAM = WY9AX8R5R2;
				ENABLE_PREVIEWS = YES;
				GENERATE_INFOPLIST_FILE = YES;
				INFOPLIST_KEY_UIApplicationSceneManifest_Generation = YES;
				INFOPLIST_KEY_UIApplicationSupportsIndirectInputEvents = YES;
				INFOPLIST_KEY_UILaunchScreen_Generation = YES;
				INFOPLIST_KEY_UISupportedInterfaceOrientations_iPad = "UIInterfaceOrientationPortrait UIInterfaceOrientationPortraitUpsideDown UIInterfaceOrientationLandscapeLeft UIInterfaceOrientationLandscapeRight";
				INFOPLIST_KEY_UISupportedInterfaceOrientations_iPhone = "UIInterfaceOrientationPortrait UIInterfaceOrientationLandscapeLeft UIInterfaceOrientationLandscapeRight";
				IPHONEOS_DEPLOYMENT_TARGET = 16.6;
				LD_RUNPATH_SEARCH_PATHS = (
					"$(inherited)",
					"@executable_path/Frameworks",
				);
				MARKETING_VERSION = 1.0;
				PRODUCT_BUNDLE_IDENTIFIER = com.denisefremov.Movies;
				PRODUCT_NAME = "$(TARGET_NAME)";
				SWIFT_EMIT_LOC_STRINGS = YES;
				SWIFT_VERSION = 5.0;
				TARGETED_DEVICE_FAMILY = "1,2";
			};
			name = Release;
		};
/* End XCBuildConfiguration section */

/* Begin XCConfigurationList section */
		725983212AF7D1820086FAA3 /* Build configuration list for PBXProject "Movies" */ = {
			isa = XCConfigurationList;
			buildConfigurations = (
				725983322AF7D1830086FAA3 /* Debug */,
				725983332AF7D1830086FAA3 /* Release */,
			);
			defaultConfigurationIsVisible = 0;
			defaultConfigurationName = Release;
		};
		725983342AF7D1830086FAA3 /* Build configuration list for PBXNativeTarget "Movies" */ = {
			isa = XCConfigurationList;
			buildConfigurations = (
				725983352AF7D1830086FAA3 /* Debug */,
				725983362AF7D1830086FAA3 /* Release */,
			);
			defaultConfigurationIsVisible = 0;
			defaultConfigurationName = Release;
		};
/* End XCConfigurationList section */

/* Begin XCLocalSwiftPackageReference section */
		7259835F2AF7E9D40086FAA3 /* XCLocalSwiftPackageReference "MoviesAPI" */ = {
			isa = XCLocalSwiftPackageReference;
			relativePath = MoviesAPI;
		};
/* End XCLocalSwiftPackageReference section */

/* Begin XCRemoteSwiftPackageReference section */
		725983502AF7E02F0086FAA3 /* XCRemoteSwiftPackageReference "apollo-ios" */ = {
			isa = XCRemoteSwiftPackageReference;
			repositoryURL = "https://github.com/apollographql/apollo-ios";
			requirement = {
				kind = upToNextMinorVersion;
				minimumVersion = 1.7.0;
			};
		};
/* End XCRemoteSwiftPackageReference section */

/* Begin XCSwiftPackageProductDependency section */
		725983512AF7E02F0086FAA3 /* Apollo */ = {
			isa = XCSwiftPackageProductDependency;
			package = 725983502AF7E02F0086FAA3 /* XCRemoteSwiftPackageReference "apollo-ios" */;
			productName = Apollo;
		};
		725983532AF7E02F0086FAA3 /* ApolloAPI */ = {
			isa = XCSwiftPackageProductDependency;
			package = 725983502AF7E02F0086FAA3 /* XCRemoteSwiftPackageReference "apollo-ios" */;
			productName = ApolloAPI;
		};
		725983552AF7E02F0086FAA3 /* ApolloSQLite */ = {
			isa = XCSwiftPackageProductDependency;
			package = 725983502AF7E02F0086FAA3 /* XCRemoteSwiftPackageReference "apollo-ios" */;
			productName = ApolloSQLite;
		};
		725983572AF7E02F0086FAA3 /* ApolloTestSupport */ = {
			isa = XCSwiftPackageProductDependency;
			package = 725983502AF7E02F0086FAA3 /* XCRemoteSwiftPackageReference "apollo-ios" */;
			productName = ApolloTestSupport;
		};
		725983592AF7E02F0086FAA3 /* ApolloWebSocket */ = {
			isa = XCSwiftPackageProductDependency;
			package = 725983502AF7E02F0086FAA3 /* XCRemoteSwiftPackageReference "apollo-ios" */;
			productName = ApolloWebSocket;
		};
		725983602AF7E9D40086FAA3 /* MoviesAPI */ = {
			isa = XCSwiftPackageProductDependency;
			productName = MoviesAPI;
		};
/* End XCSwiftPackageProductDependency section */
	};
	rootObject = 7259831E2AF7D1820086FAA3 /* Project object */;
}
